
Microsoft Visual Studio Solution File, Format Version 12.00
# Visual Studio Version 17
VisualStudioVersion = 17.11.35327.3
MinimumVisualStudioVersion = 10.0.40219.1
Project("{FAE04EC0-301F-11D3-BF4B-00C04F79EFBC}") = "intervaly", "intervaly\intervaly.csproj", "{8F7E6FB4-DD9B-496E-AD2C-78231BBF16BA}"
EndProject
Global
	GlobalSection(SolutionConfigurationPlatforms) = preSolution
		Debug|Any CPU = Debug|Any CPU
		Release|Any CPU = Release|Any CPU
	EndGlobalSection
	GlobalSection(ProjectConfigurationPlatforms) = postSolution
		{8F7E6FB4-DD9B-496E-AD2C-78231BBF16BA}.Debug|Any CPU.ActiveCfg = Debug|Any CPU
		{8F7E6FB4-DD9B-496E-AD2C-78231BBF16BA}.Debug|Any CPU.Build.0 = Debug|Any CPU
		{8F7E6FB4-DD9B-496E-AD2C-78231BBF16BA}.Release|Any CPU.ActiveCfg = Release|Any CPU
		{8F7E6FB4-DD9B-496E-AD2C-78231BBF16BA}.Release|Any CPU.Build.0 = Release|Any CPU
	EndGlobalSection
	GlobalSection(SolutionProperties) = preSolution
		HideSolutionNode = FALSE
	EndGlobalSection
	GlobalSection(ExtensibilityGlobals) = postSolution
		SolutionGuid = {345BD762-218B-404E-A123-7511770253D0}
	EndGlobalSection
EndGlobal
